
Microsoft Visual Studio Solution File, Format Version 12.00
# Visual Studio Version 17
VisualStudioVersion = 17.0.31825.309
MinimumVisualStudioVersion = 10.0.40219.1
Project("{9A19103F-16F7-4668-BE54-9A1E7A4F7556}") = "TingTuffer", "TingTuffer\TingTuffer.csproj", "{63BFF389-D38D-4104-B5E3-2509C32E389C}"
EndProject
Project("{2150E333-8FDC-42A3-9474-1A3956D46DE8}") = "Examples", "Examples", "{686E92BA-0FB9-4E4E-9CF3-BC3AF92C1CA9}"
EndProject
Project("{9A19103F-16F7-4668-BE54-9A1E7A4F7556}") = "TingTuffer.Examples.Api", "TingTuffer.Examples.Api\TingTuffer.Examples.Api.csproj", "{1AD22D66-5DD0-4C06-8B2E-58BC91C4E52B}"
EndProject
Project("{2150E333-8FDC-42A3-9474-1A3956D46DE8}") = "Tests", "Tests", "{68CBD767-5616-4317-923D-137766D2DF47}"
EndProject
Project("{888888A0-9F3D-457C-B088-3A5042F75D52}") = "TingTuffer.Tests.LoadTest", "TingTuffer.Tests.LoadTest\TingTuffer.Tests.LoadTest.pyproj", "{22FC483A-B050-4DD1-B4C5-5E0B187F155A}"
EndProject
Project("{FAE04EC0-301F-11D3-BF4B-00C04F79EFBC}") = "TingTuffer.Tests.Unitary", "TingTuffer.Tests.Unitary\TingTuffer.Tests.Unitary.csproj", "{80CEAAE3-14F3-48AC-8A62-4B234DA5156D}"
EndProject
Global
	GlobalSection(SolutionConfigurationPlatforms) = preSolution
		Debug|Any CPU = Debug|Any CPU
		Release|Any CPU = Release|Any CPU
	EndGlobalSection
	GlobalSection(ProjectConfigurationPlatforms) = postSolution
		{63BFF389-D38D-4104-B5E3-2509C32E389C}.Debug|Any CPU.ActiveCfg = Debug|Any CPU
		{63BFF389-D38D-4104-B5E3-2509C32E389C}.Debug|Any CPU.Build.0 = Debug|Any CPU
		{63BFF389-D38D-4104-B5E3-2509C32E389C}.Release|Any CPU.ActiveCfg = Release|Any CPU
		{63BFF389-D38D-4104-B5E3-2509C32E389C}.Release|Any CPU.Build.0 = Release|Any CPU
		{1AD22D66-5DD0-4C06-8B2E-58BC91C4E52B}.Debug|Any CPU.ActiveCfg = Debug|Any CPU
		{1AD22D66-5DD0-4C06-8B2E-58BC91C4E52B}.Debug|Any CPU.Build.0 = Debug|Any CPU
		{1AD22D66-5DD0-4C06-8B2E-58BC91C4E52B}.Release|Any CPU.ActiveCfg = Release|Any CPU
		{1AD22D66-5DD0-4C06-8B2E-58BC91C4E52B}.Release|Any CPU.Build.0 = Release|Any CPU
		{22FC483A-B050-4DD1-B4C5-5E0B187F155A}.Debug|Any CPU.ActiveCfg = Debug|Any CPU
		{22FC483A-B050-4DD1-B4C5-5E0B187F155A}.Release|Any CPU.ActiveCfg = Release|Any CPU
		{80CEAAE3-14F3-48AC-8A62-4B234DA5156D}.Debug|Any CPU.ActiveCfg = Debug|Any CPU
		{80CEAAE3-14F3-48AC-8A62-4B234DA5156D}.Debug|Any CPU.Build.0 = Debug|Any CPU
		{80CEAAE3-14F3-48AC-8A62-4B234DA5156D}.Release|Any CPU.ActiveCfg = Release|Any CPU
		{80CEAAE3-14F3-48AC-8A62-4B234DA5156D}.Release|Any CPU.Build.0 = Release|Any CPU
	EndGlobalSection
	GlobalSection(SolutionProperties) = preSolution
		HideSolutionNode = FALSE
	EndGlobalSection
	GlobalSection(NestedProjects) = preSolution
		{1AD22D66-5DD0-4C06-8B2E-58BC91C4E52B} = {686E92BA-0FB9-4E4E-9CF3-BC3AF92C1CA9}
		{22FC483A-B050-4DD1-B4C5-5E0B187F155A} = {68CBD767-5616-4317-923D-137766D2DF47}
		{80CEAAE3-14F3-48AC-8A62-4B234DA5156D} = {68CBD767-5616-4317-923D-137766D2DF47}
	EndGlobalSection
	GlobalSection(ExtensibilityGlobals) = postSolution
		SolutionGuid = {4701FFB1-07E6-420C-B668-05BE20E187C3}
	EndGlobalSection
EndGlobal
